Mirror in progress since Tue, 27 Sep 2022 01:53:16 .. please wait!
winhttrack -qwC2%Ps2u1%s%uN0%I0p3DaK0H0%kf2A25000%f#f -F "Mozilla/4.5 (compatible; HTTrack 3.0x; Windows 98)" -%F "<!-- Mirrored from %s%s by HTTrack Website Copier/3.x [XR&CO'2014], %s -->" -%l "en, *" https://demo.themefisher.com/navigator/ -O1 ""F:\My Web Sites\Navigetor"" +*.png +*.gif +*.jpg +*.jpeg +*.css +*.js -ad.doubleclick.net/* -mime:application/foobar 
To pause the engine: create an empty file named 'hts-stop.lock'
PID=19996
START=1664221996
